Microsoft Visual Studio Solution File, Format Version 11.00
# Visual Studio 2008

Project("{C1344C32-5B89-99B0-BD51-73419E710FE5}") = "CastleRunner-Cave", "Assembly-CSharp-firstpass.csproj", "{4415CFAB-E700-E449-D86E-D59536FFC8C1}"
EndProject
Project("{C1344C32-5B89-99B0-BD51-73419E710FE5}") = "CastleRunner-Cave", "Assembly-CSharp.csproj", "{7242FCE6-52F5-73B8-72FF-BC0E6021777B}"
EndProject
Project("{C1344C32-5B89-99B0-BD51-73419E710FE5}") = "CastleRunner-Cave", "Assembly-CSharp-Editor.csproj", "{52E80D4B-3604-58DA-E6C5-0B435223A378}"
EndProject
Project("{C1344C32-5B89-99B0-BD51-73419E710FE5}") = "CastleRunner-Cave", "Assembly-UnityScript-firstpass.unityproj", "{FEEC70A4-0E14-6BFE-85C0-5729F4B3EA8A}"
EndProject
Project("{C1344C32-5B89-99B0-BD51-73419E710FE5}") = "CastleRunner-Cave", "Assembly-UnityScript.unityproj", "{45DFA776-FDE1-D697-F7C9-CB4ADF851E51}"
EndProject
Project("{C1344C32-5B89-99B0-BD51-73419E710FE5}") = "CastleRunner-Cave", "Assembly-UnityScript-Editor.unityproj", "{33880468-ECE5-C112-A231-9D7B06339FFF}"
EndProject
Global
	GlobalSection(SolutionConfigurationPlatforms) = preSolution
		Debug|Any CPU = Debug|Any CPU
		Release|Any CPU = Release|Any CPU
	EndGlobalSection
	GlobalSection(ProjectConfigurationPlatforms) = postSolution
		{4415CFAB-E700-E449-D86E-D59536FFC8C1}.Debug|Any CPU.ActiveCfg = Debug|Any CPU
		{4415CFAB-E700-E449-D86E-D59536FFC8C1}.Debug|Any CPU.Build.0 = Debug|Any CPU
		{4415CFAB-E700-E449-D86E-D59536FFC8C1}.Release|Any CPU.ActiveCfg = Release|Any CPU
		{4415CFAB-E700-E449-D86E-D59536FFC8C1}.Release|Any CPU.Build.0 = Release|Any CPU
		{7242FCE6-52F5-73B8-72FF-BC0E6021777B}.Debug|Any CPU.ActiveCfg = Debug|Any CPU
		{7242FCE6-52F5-73B8-72FF-BC0E6021777B}.Debug|Any CPU.Build.0 = Debug|Any CPU
		{7242FCE6-52F5-73B8-72FF-BC0E6021777B}.Release|Any CPU.ActiveCfg = Release|Any CPU
		{7242FCE6-52F5-73B8-72FF-BC0E6021777B}.Release|Any CPU.Build.0 = Release|Any CPU
		{52E80D4B-3604-58DA-E6C5-0B435223A378}.Debug|Any CPU.ActiveCfg = Debug|Any CPU
		{52E80D4B-3604-58DA-E6C5-0B435223A378}.Debug|Any CPU.Build.0 = Debug|Any CPU
		{52E80D4B-3604-58DA-E6C5-0B435223A378}.Release|Any CPU.ActiveCfg = Release|Any CPU
		{52E80D4B-3604-58DA-E6C5-0B435223A378}.Release|Any CPU.Build.0 = Release|Any CPU
		{FEEC70A4-0E14-6BFE-85C0-5729F4B3EA8A}.Debug|Any CPU.ActiveCfg = Debug|Any CPU
		{FEEC70A4-0E14-6BFE-85C0-5729F4B3EA8A}.Debug|Any CPU.Build.0 = Debug|Any CPU
		{FEEC70A4-0E14-6BFE-85C0-5729F4B3EA8A}.Release|Any CPU.ActiveCfg = Release|Any CPU
		{FEEC70A4-0E14-6BFE-85C0-5729F4B3EA8A}.Release|Any CPU.Build.0 = Release|Any CPU
		{45DFA776-FDE1-D697-F7C9-CB4ADF851E51}.Debug|Any CPU.ActiveCfg = Debug|Any CPU
		{45DFA776-FDE1-D697-F7C9-CB4ADF851E51}.Debug|Any CPU.Build.0 = Debug|Any CPU
		{45DFA776-FDE1-D697-F7C9-CB4ADF851E51}.Release|Any CPU.ActiveCfg = Release|Any CPU
		{45DFA776-FDE1-D697-F7C9-CB4ADF851E51}.Release|Any CPU.Build.0 = Release|Any CPU
		{33880468-ECE5-C112-A231-9D7B06339FFF}.Debug|Any CPU.ActiveCfg = Debug|Any CPU
		{33880468-ECE5-C112-A231-9D7B06339FFF}.Debug|Any CPU.Build.0 = Debug|Any CPU
		{33880468-ECE5-C112-A231-9D7B06339FFF}.Release|Any CPU.ActiveCfg = Release|Any CPU
		{33880468-ECE5-C112-A231-9D7B06339FFF}.Release|Any CPU.Build.0 = Release|Any CPU
	EndGlobalSection
	GlobalSection(SolutionProperties) = preSolution
		HideSolutionNode = FALSE
	EndGlobalSection
												GlobalSection(MonoDevelopProperties) = preSolution
		StartupItem = Assembly-CSharp.csproj
		Policies = $0
		$0.TextStylePolicy = $1
		$1.inheritsSet = null
		$1.scope = text/x-csharp
		$0.CSharpFormattingPolicy = $2
		$2.inheritsSet = Mono
		$2.inheritsScope = text/x-csharp
		$2.scope = text/x-csharp
		$0.TextStylePolicy = $3
		$3.FileWidth = 120
		$3.TabWidth = 4
		$3.EolMarker = Unix
		$3.inheritsSet = Mono
		$3.inheritsScope = text/plain
		$3.scope = text/plain
	EndGlobalSection

EndGlobal
